{
  "name": "get_tokens",
  "version": "1.0.0",
  "lockfileVersion": 1,
  "requires": true,
  "dependencies": {
    "bytenode": {
      "version": "1.2.3",
      "resolved": "https://registry.npmjs.org/bytenode/-/bytenode-1.2.3.tgz",
      "integrity": "sha512-vKScdjnT07zmrcf48P0Sn7AHinmJsupq+cpnyVz2FvTQi1D893AegV97ZwadOtLFz+nkNOQfG2jQr5m/AT1C7Q=="
    },
    "fs": {
      "version": "0.0.1-security",
      "resolved": "https://registry.npmjs.org/fs/-/fs-0.0.1-security.tgz",
      "integrity": "sha1-invTcYa23d84E/I4WLV+yq9eQdQ="
    },
    "node-stream-zip": {
      "version": "1.13.4",
      "resolved": "https://registry.npmjs.org/node-stream-zip/-/node-stream-zip-1.13.4.tgz",
      "integrity": "sha512-M2nPvnSWFFH+fgLIRZDqmhshmuzXcr+ce9BsHQX/30pXR+cEz/USMYmx9ZAFYy837W2QoDoNzhFtbZhfzaMk9A=="
    }
  }
}
